
Microsoft Visual Studio Solution File, Format Version 12.00
# Visual Studio Version 16
VisualStudioVersion = 16.0.28803.156
MinimumVisualStudioVersion = 10.0.40219.1
Project("{FAE04EC0-301F-11D3-BF4B-00C04F79EFBC}") = "MyPlace", "MyPlace\MyPlace.csproj", "{FC03A020-8ACB-44FE-BF28-895FE281676B}"
EndProject
Project("{FAE04EC0-301F-11D3-BF4B-00C04F79EFBC}") = "MyPlace.Services", "MyPlace.Services\MyPlace.Services.csproj", "{ECBBFC58-F25C-48B0-9045-802FC1FAEFFE}"
EndProject
Project("{FAE04EC0-301F-11D3-BF4B-00C04F79EFBC}") = "MyPlace.Data", "MyPlace.Data\MyPlace.Data.csproj", "{E76FC224-C807-4949-898D-B37C7E0A07A3}"
EndProject
Global
	GlobalSection(SolutionConfigurationPlatforms) = preSolution
		Debug|Any CPU = Debug|Any CPU
		Release|Any CPU = Release|Any CPU
	EndGlobalSection
	GlobalSection(ProjectConfigurationPlatforms) = postSolution
		{FC03A020-8ACB-44FE-BF28-895FE281676B}.Debug|Any CPU.ActiveCfg = Debug|Any CPU
		{FC03A020-8ACB-44FE-BF28-895FE281676B}.Debug|Any CPU.Build.0 = Debug|Any CPU
		{FC03A020-8ACB-44FE-BF28-895FE281676B}.Release|Any CPU.ActiveCfg = Release|Any CPU
		{FC03A020-8ACB-44FE-BF28-895FE281676B}.Release|Any CPU.Build.0 = Release|Any CPU
		{ECBBFC58-F25C-48B0-9045-802FC1FAEFFE}.Debug|Any CPU.ActiveCfg = Debug|Any CPU
		{ECBBFC58-F25C-48B0-9045-802FC1FAEFFE}.Debug|Any CPU.Build.0 = Debug|Any CPU
		{ECBBFC58-F25C-48B0-9045-802FC1FAEFFE}.Release|Any CPU.ActiveCfg = Release|Any CPU
		{ECBBFC58-F25C-48B0-9045-802FC1FAEFFE}.Release|Any CPU.Build.0 = Release|Any CPU
		{E76FC224-C807-4949-898D-B37C7E0A07A3}.Debug|Any CPU.ActiveCfg = Debug|Any CPU
		{E76FC224-C807-4949-898D-B37C7E0A07A3}.Debug|Any CPU.Build.0 = Debug|Any CPU
		{E76FC224-C807-4949-898D-B37C7E0A07A3}.Release|Any CPU.ActiveCfg = Release|Any CPU
		{E76FC224-C807-4949-898D-B37C7E0A07A3}.Release|Any CPU.Build.0 = Release|Any CPU
	EndGlobalSection
	GlobalSection(SolutionProperties) = preSolution
		HideSolutionNode = FALSE
	EndGlobalSection
	GlobalSection(ExtensibilityGlobals) = postSolution
		SolutionGuid = {E6E58625-052C-4CA5-916C-53514F765A2C}
	EndGlobalSection
EndGlobal
