
Microsoft Visual Studio Solution File, Format Version 12.00
# Visual Studio 15
VisualStudioVersion = 15.0.28307.539
MinimumVisualStudioVersion = 10.0.40219.1
Project("{9A19103F-16F7-4668-BE54-9A1E7A4F7556}") = "MyPlace", "MyPlace\MyPlace.csproj", "{FC03A020-8ACB-44FE-BF28-895FE281676B}"
EndProject
Project("{9A19103F-16F7-4668-BE54-9A1E7A4F7556}") = "MyPlace.Services", "MyPlace.Services\MyPlace.Services.csproj", "{ECBBFC58-F25C-48B0-9045-802FC1FAEFFE}"
EndProject
Project("{9A19103F-16F7-4668-BE54-9A1E7A4F7556}") = "MyPlace.Data", "MyPlace.Data\MyPlace.Data.csproj", "{E76FC224-C807-4949-898D-B37C7E0A07A3}"
EndProject
Project("{9A19103F-16F7-4668-BE54-9A1E7A4F7556}") = "MyPlace.DataModels", "MyPlace.DataModels\MyPlace.DataModels.csproj", "{1A38F486-792E-46B7-A207-F795F8BF4080}"
EndProject
Project("{9A19103F-16F7-4668-BE54-9A1E7A4F7556}") = "MyPlace.Common", "MyPlace.Common\MyPlace.Common.csproj", "{F2A54EE9-8E06-4D33-97CF-1B9BB471718F}"
EndProject
Project("{9A19103F-16F7-4668-BE54-9A1E7A4F7556}") = "MyPlace.Infrastructure", "MyPlace.Infrastructure\MyPlace.Infrastructure.csproj", "{88C91908-554C-40E5-B1C0-1C76AB461C60}"
EndProject
Project("{FAE04EC0-301F-11D3-BF4B-00C04F79EFBC}") = "MyPlace.Services.Tests", "MyPlace.Services.Tests\MyPlace.Services.Tests.csproj", "{D63D245B-F412-4680-B812-B5B3ECAB0760}"
EndProject
Global
	GlobalSection(SolutionConfigurationPlatforms) = preSolution
		Debug|Any CPU = Debug|Any CPU
		Release|Any CPU = Release|Any CPU
	EndGlobalSection
	GlobalSection(ProjectConfigurationPlatforms) = postSolution
		{FC03A020-8ACB-44FE-BF28-895FE281676B}.Debug|Any CPU.ActiveCfg = Debug|Any CPU
		{FC03A020-8ACB-44FE-BF28-895FE281676B}.Debug|Any CPU.Build.0 = Debug|Any CPU
		{FC03A020-8ACB-44FE-BF28-895FE281676B}.Release|Any CPU.ActiveCfg = Release|Any CPU
		{FC03A020-8ACB-44FE-BF28-895FE281676B}.Release|Any CPU.Build.0 = Release|Any CPU
		{ECBBFC58-F25C-48B0-9045-802FC1FAEFFE}.Debug|Any CPU.ActiveCfg = Debug|Any CPU
		{ECBBFC58-F25C-48B0-9045-802FC1FAEFFE}.Debug|Any CPU.Build.0 = Debug|Any CPU
		{ECBBFC58-F25C-48B0-9045-802FC1FAEFFE}.Release|Any CPU.ActiveCfg = Release|Any CPU
		{ECBBFC58-F25C-48B0-9045-802FC1FAEFFE}.Release|Any CPU.Build.0 = Release|Any CPU
		{E76FC224-C807-4949-898D-B37C7E0A07A3}.Debug|Any CPU.ActiveCfg = Debug|Any CPU
		{E76FC224-C807-4949-898D-B37C7E0A07A3}.Debug|Any CPU.Build.0 = Debug|Any CPU
		{E76FC224-C807-4949-898D-B37C7E0A07A3}.Release|Any CPU.ActiveCfg = Release|Any CPU
		{E76FC224-C807-4949-898D-B37C7E0A07A3}.Release|Any CPU.Build.0 = Release|Any CPU
		{1A38F486-792E-46B7-A207-F795F8BF4080}.Debug|Any CPU.ActiveCfg = Debug|Any CPU
		{1A38F486-792E-46B7-A207-F795F8BF4080}.Debug|Any CPU.Build.0 = Debug|Any CPU
		{1A38F486-792E-46B7-A207-F795F8BF4080}.Release|Any CPU.ActiveCfg = Release|Any CPU
		{1A38F486-792E-46B7-A207-F795F8BF4080}.Release|Any CPU.Build.0 = Release|Any CPU
		{F2A54EE9-8E06-4D33-97CF-1B9BB471718F}.Debug|Any CPU.ActiveCfg = Debug|Any CPU
		{F2A54EE9-8E06-4D33-97CF-1B9BB471718F}.Debug|Any CPU.Build.0 = Debug|Any CPU
		{F2A54EE9-8E06-4D33-97CF-1B9BB471718F}.Release|Any CPU.ActiveCfg = Release|Any CPU
		{F2A54EE9-8E06-4D33-97CF-1B9BB471718F}.Release|Any CPU.Build.0 = Release|Any CPU
		{88C91908-554C-40E5-B1C0-1C76AB461C60}.Debug|Any CPU.ActiveCfg = Debug|Any CPU
		{88C91908-554C-40E5-B1C0-1C76AB461C60}.Debug|Any CPU.Build.0 = Debug|Any CPU
		{88C91908-554C-40E5-B1C0-1C76AB461C60}.Release|Any CPU.ActiveCfg = Release|Any CPU
		{88C91908-554C-40E5-B1C0-1C76AB461C60}.Release|Any CPU.Build.0 = Release|Any CPU
		{D63D245B-F412-4680-B812-B5B3ECAB0760}.Debug|Any CPU.ActiveCfg = Debug|Any CPU
		{D63D245B-F412-4680-B812-B5B3ECAB0760}.Debug|Any CPU.Build.0 = Debug|Any CPU
		{D63D245B-F412-4680-B812-B5B3ECAB0760}.Release|Any CPU.ActiveCfg = Release|Any CPU
		{D63D245B-F412-4680-B812-B5B3ECAB0760}.Release|Any CPU.Build.0 = Release|Any CPU
	EndGlobalSection
	GlobalSection(SolutionProperties) = preSolution
		HideSolutionNode = FALSE
	EndGlobalSection
	GlobalSection(ExtensibilityGlobals) = postSolution
		SolutionGuid = {E6E58625-052C-4CA5-916C-53514F765A2C}
	EndGlobalSection
EndGlobal
